<?xml version="1.0" encoding="utf-8"?>
<Project ToolsVersion="4.0" xmlns="http://schemas.microsoft.com/developer/msbuild/2003">
  <ItemGroup>
    <Filter Include="Quelldateien">
      <UniqueIdentifier>{4FC737F1-C7A5-4376-A066-2A32D752A2FF}</UniqueIdentifier>
      <Extensions>cpp;c;cc;cxx;def;odl;idl;hpj;bat;asm;asmx</Extensions>
    </Filter>
    <Filter Include="Headerdateien">
      <UniqueIdentifier>{93995380-89BD-4b04-88EB-625FBE52EBFB}</UniqueIdentifier>
      <Extensions>h;hh;hpp;hxx;hm;inl;inc;xsd</Extensions>
    </Filter>
    <Filter Include="Ressourcendateien">
      <UniqueIdentifier>{67DA6AB6-F800-4c08-8B7A-83BB121AAD01}</UniqueIdentifier>
      <Extensions>rc;ico;cur;bmp;dlg;rc2;rct;bin;rgs;gif;jpg;jpeg;jpe;resx;tiff;tif;png;wav;mfcribbon-ms</Extensions>
    </Filter>
    <Filter Include="Headerdateien\Sortieralgorithmen">
      <UniqueIdentifier>{a53c20a8-867a-42cd-8f26-870d31ef715e}</UniqueIdentifier>
    </Filter>
    <Filter Include="Headerdateien\Menüs">
      <UniqueIdentifier>{c021ea91-8382-4bb6-a5ab-f42d865ea6e8}</UniqueIdentifier>
    </Filter>
    <Filter Include="Headerdateien\Datageneratoren">
      <UniqueIdentifier>{1dcbbbbc-4492-4430-9e31-8469e02e87cb}</UniqueIdentifier>
    </Filter>
  </ItemGroup>
  <ItemGroup>
    <Text Include="ReadMe.txt" />
  </ItemGroup>
  <ItemGroup>
    <ClInclude Include="stdafx.h">
      <Filter>Headerdateien</Filter>
    </ClInclude>
    <ClInclude Include="targetver.h">
      <Filter>Headerdateien</Filter>
    </ClInclude>
    <ClInclude Include="Sorter.h">
      <Filter>Headerdateien</Filter>
    </ClInclude>
    <ClInclude Include="Menu.h">
      <Filter>Headerdateien</Filter>
    </ClInclude>
    <ClInclude Include="BubbleSorter.h">
      <Filter>Headerdateien\Sortieralgorithmen</Filter>
    </ClInclude>
    <ClInclude Include="SortAlgorithmMenu.h">
      <Filter>Headerdateien\Menüs</Filter>
    </ClInclude>
    <ClInclude Include="DumbSorter.h">
      <Filter>Headerdateien\Sortieralgorithmen</Filter>
    </ClInclude>
    <ClInclude Include="TestMenu.h">
      <Filter>Headerdateien\Menüs</Filter>
    </ClInclude>
    <ClInclude Include="DataGenerator.h">
      <Filter>Headerdateien</Filter>
    </ClInclude>
    <ClInclude Include="RandomDataGenerator.h">
      <Filter>Headerdateien\Datageneratoren</Filter>
    </ClInclude>
    <ClInclude Include="InsertionSorter.h">
      <Filter>Headerdateien\Sortieralgorithmen</Filter>
    </ClInclude>
    <ClInclude Include="DataArray.h">
      <Filter>Headerdateien</Filter>
    </ClInclude>
    <ClInclude Include="DataGeneratorMenu.h">
      <Filter>Headerdateien\Menüs</Filter>
    </ClInclude>
    <ClInclude Include="RandomRangeDataGenerator.h">
      <Filter>Headerdateien\Datageneratoren</Filter>
    </ClInclude>
    <ClInclude Include="SelectionSorter.h">
      <Filter>Headerdateien\Sortieralgorithmen</Filter>
    </ClInclude>
    <ClInclude Include="MergeSorter.h">
      <Filter>Headerdateien\Sortieralgorithmen</Filter>
    </ClInclude>
    <ClInclude Include="resource.h">
      <Filter>Headerdateien</Filter>
    </ClInclude>
    <ClInclude Include="AddDataSetQuestionMenu.h">
      <Filter>Headerdateien\Menüs</Filter>
    </ClInclude>
    <ClInclude Include="NamedLinkedList.h">
      <Filter>Headerdateien</Filter>
    </ClInclude>
    <ClInclude Include="AddSorterQuestionMenu.h">
      <Filter>Headerdateien\Menüs</Filter>
    </ClInclude>
    <ClInclude Include="AscendingNumbersDataGenerator.h">
      <Filter>Headerdateien\Datageneratoren</Filter>
    </ClInclude>
    <ClInclude Include="DescendingNumbersDataGenerator.h">
      <Filter>Headerdateien\Datageneratoren</Filter>
    </ClInclude>
    <ClInclude Include="QuickSorter.h">
      <Filter>Headerdateien\Sortieralgorithmen</Filter>
    </ClInclude>
    <ClInclude Include="BucketSorter.h">
      <Filter>Headerdateien\Sortieralgorithmen</Filter>
    </ClInclude>
  </ItemGroup>
  <ItemGroup>
    <ClCompile Include="stdafx.cpp">
      <Filter>Quelldateien</Filter>
    </ClCompile>
    <ClCompile Include="Sortierverfahren.cpp">
      <Filter>Quelldateien</Filter>
    </ClCompile>
    <ClCompile Include="Sorter.cpp">
      <Filter>Quelldateien</Filter>
    </ClCompile>
    <ClCompile Include="BubbleSorter.cpp">
      <Filter>Quelldateien</Filter>
    </ClCompile>
    <ClCompile Include="Menu.cpp">
      <Filter>Quelldateien</Filter>
    </ClCompile>
    <ClCompile Include="TestMenu.cpp">
      <Filter>Quelldateien</Filter>
    </ClCompile>
    <ClCompile Include="SortAlgorithmMenu.cpp">
      <Filter>Quelldateien</Filter>
    </ClCompile>
    <ClCompile Include="DumbSorter.cpp">
      <Filter>Quelldateien</Filter>
    </ClCompile>
    <ClCompile Include="DataGenerator.cpp">
      <Filter>Quelldateien</Filter>
    </ClCompile>
    <ClCompile Include="InsertionSorter.cpp">
      <Filter>Quelldateien</Filter>
    </ClCompile>
    <ClCompile Include="RandomDataGenerator.cpp">
      <Filter>Quelldateien</Filter>
    </ClCompile>
    <ClCompile Include="DataArray.cpp">
      <Filter>Quelldateien</Filter>
    </ClCompile>
    <ClCompile Include="DataGeneratorMenu.cpp">
      <Filter>Quelldateien</Filter>
    </ClCompile>
    <ClCompile Include="RandomRangeDataGenerator.cpp">
      <Filter>Quelldateien</Filter>
    </ClCompile>
    <ClCompile Include="SelectionSorter.cpp">
      <Filter>Quelldateien</Filter>
    </ClCompile>
    <ClCompile Include="MergeSorter.cpp">
      <Filter>Quelldateien</Filter>
    </ClCompile>
    <ClCompile Include="AddDataSetQuestionMenu.cpp">
      <Filter>Quelldateien</Filter>
    </ClCompile>
    <ClCompile Include="NamedLinkedList.cpp">
      <Filter>Quelldateien</Filter>
    </ClCompile>
    <ClCompile Include="AddSorterQuestionMenu.cpp">
      <Filter>Quelldateien</Filter>
    </ClCompile>
    <ClCompile Include="AscendingNumbersDataGenerator.cpp">
      <Filter>Quelldateien</Filter>
    </ClCompile>
    <ClCompile Include="DescendingNumbersDataGenerator.cpp">
      <Filter>Quelldateien</Filter>
    </ClCompile>
    <ClCompile Include="QuickSorter.cpp">
      <Filter>Quelldateien</Filter>
    </ClCompile>
    <ClCompile Include="BucketSorter.cpp">
      <Filter>Quelldateien</Filter>
    </ClCompile>
  </ItemGroup>
  <ItemGroup>
    <ResourceCompile Include="Sortierverfahren.rc">
      <Filter>Ressourcendateien</Filter>
    </ResourceCompile>
  </ItemGroup>
</Project>